// !$*UTF8*$!
{
	archiveVersion = 1;
	classes = {
	};
	objectVersion = 46;
	objects = {

/* Begin PBXBuildFile section */
		193782F01B5D0535007075F9 /* CNAME in Resources */ = {isa = PBXBuildFile; fileRef = 193782D11B5D0535007075F9 /* CNAME */; };
		193782F11B5D0535007075F9 /* reset.css in Resources */ = {isa = PBXBuildFile; fileRef = 193782D31B5D0535007075F9 /* reset.css */; };
		193782F21B5D0535007075F9 /* style.css in Resources */ = {isa = PBXBuildFile; fileRef = 193782D41B5D0535007075F9 /* style.css */; };
		193782F31B5D0535007075F9 /* cd-icon-arrow-desktop.svg in Resources */ = {isa = PBXBuildFile; fileRef = 193782D61B5D0535007075F9 /* cd-icon-arrow-desktop.svg */; };
		193782F41B5D0535007075F9 /* cd-icon-arrow-mobile.svg in Resources */ = {isa = PBXBuildFile; fileRef = 193782D71B5D0535007075F9 /* cd-icon-arrow-mobile.svg */; };
		193782F51B5D0535007075F9 /* cd-icon-close-desktop.svg in Resources */ = {isa = PBXBuildFile; fileRef = 193782D81B5D0535007075F9 /* cd-icon-close-desktop.svg */; };
		193782F61B5D0535007075F9 /* cd-icon-close-mobile.svg in Resources */ = {isa = PBXBuildFile; fileRef = 193782D91B5D0535007075F9 /* cd-icon-close-mobile.svg */; };
		193782F71B5D0535007075F9 /* img-1-large.jpg in Resources */ = {isa = PBXBuildFile; fileRef = 193782DA1B5D0535007075F9 /* img-1-large.jpg */; };
		193782F81B5D0535007075F9 /* img-1-small.jpg in Resources */ = {isa = PBXBuildFile; fileRef = 193782DB1B5D0535007075F9 /* img-1-small.jpg */; };
		193782F91B5D0535007075F9 /* img-2-large.jpg in Resources */ = {isa = PBXBuildFile; fileRef = 193782DC1B5D0535007075F9 /* img-2-large.jpg */; };
		193782FA1B5D0535007075F9 /* img-2-small.jpg in Resources */ = {isa = PBXBuildFile; fileRef = 193782DD1B5D0535007075F9 /* img-2-small.jpg */; };
		193782FB1B5D0535007075F9 /* img-3-large.jpg in Resources */ = {isa = PBXBuildFile; fileRef = 193782DE1B5D0535007075F9 /* img-3-large.jpg */; };
		193782FC1B5D0535007075F9 /* img-3-small.jpg in Resources */ = {isa = PBXBuildFile; fileRef = 193782DF1B5D0535007075F9 /* img-3-small.jpg */; };
		193782FD1B5D0535007075F9 /* img-4-large.jpg in Resources */ = {isa = PBXBuildFile; fileRef = 193782E01B5D0535007075F9 /* img-4-large.jpg */; };
		193782FE1B5D0535007075F9 /* img-4-small.jpg in Resources */ = {isa = PBXBuildFile; fileRef = 193782E11B5D0535007075F9 /* img-4-small.jpg */; };
		193782FF1B5D0535007075F9 /* appicon.jpg in Resources */ = {isa = PBXBuildFile; fileRef = 193782E31B5D0535007075F9 /* appicon.jpg */; };
		193783001B5D0535007075F9 /* index.html in Resources */ = {isa = PBXBuildFile; fileRef = 193782E41B5D0535007075F9 /* index.html */; };
		193783011B5D0535007075F9 /* jquery-2.1.1.js in Resources */ = {isa = PBXBuildFile; fileRef = 193782E61B5D0535007075F9 /* jquery-2.1.1.js */; };
		193783021B5D0535007075F9 /* main.js in Resources */ = {isa = PBXBuildFile; fileRef = 193782E71B5D0535007075F9 /* main.js */; };
		193783031B5D0535007075F9 /* modernizr.js in Resources */ = {isa = PBXBuildFile; fileRef = 193782E81B5D0535007075F9 /* modernizr.js */; };
		193783041B5D0535007075F9 /* _layout.scss in Resources */ = {isa = PBXBuildFile; fileRef = 193782EA1B5D0535007075F9 /* _layout.scss */; };
		193783051B5D0535007075F9 /* _mixins.scss in Resources */ = {isa = PBXBuildFile; fileRef = 193782EB1B5D0535007075F9 /* _mixins.scss */; };
		193783061B5D0535007075F9 /* _variables.scss in Resources */ = {isa = PBXBuildFile; fileRef = 193782EC1B5D0535007075F9 /* _variables.scss */; };
		193783071B5D0535007075F9 /* readme.pdf in Resources */ = {isa = PBXBuildFile; fileRef = 193782ED1B5D0535007075F9 /* readme.pdf */; };
		193783081B5D0535007075F9 /* style.scss in Resources */ = {isa = PBXBuildFile; fileRef = 193782EF1B5D0535007075F9 /* style.scss */; };
/* End PBXBuildFile section */

/* Begin PBXContainerItemProxy section */
		3ABE1F56190CB14D00EB6C0D /* PBXContainerItemProxy */ = {
			isa = PBXContainerItemProxy;
			containerPortal = 3ABE1F2E190CB14D00EB6C0D /* Project object */;
			proxyType = 1;
			remoteGlobalIDString = 3ABE1F35190CB14D00EB6C0D;
			remoteInfo = MainWebSite;
		};
/* End PBXContainerItemProxy section */

/* Begin PBXFileReference section */
		193782CF1B5CEB5E007075F9 /* MainWebSite.app */ = {isa = PBXFileReference; explicitFileType = wrapper.application; includeInIndex = 0; path = MainWebSite.app; sourceTree = BUILT_PRODUCTS_DIR; };
		193782D01B5CEB5E007075F9 /* MainWebSiteTests.xctest */ = {isa = PBXFileReference; explicitFileType = wrapper.cfbundle; includeInIndex = 0; path = MainWebSiteTests.xctest; sourceTree = BUILT_PRODUCTS_DIR; };
		193782D11B5D0535007075F9 /* CNAME */ = {isa = PBXFileReference; fileEncoding = 4; lastKnownFileType = text; name = CNAME; path = ../CNAME; sourceTree = "<group>"; };
		193782D31B5D0535007075F9 /* reset.css */ = {isa = PBXFileReference; fileEncoding = 4; lastKnownFileType = text.css; path = reset.css; sourceTree = "<group>"; };
		193782D41B5D0535007075F9 /* style.css */ = {isa = PBXFileReference; fileEncoding = 4; lastKnownFileType = text.css; path = style.css; sourceTree = "<group>"; };
		193782D61B5D0535007075F9 /* cd-icon-arrow-desktop.svg */ = {isa = PBXFileReference; fileEncoding = 4; lastKnownFileType = text.xml; path = "cd-icon-arrow-desktop.svg"; sourceTree = "<group>"; };
		193782D71B5D0535007075F9 /* cd-icon-arrow-mobile.svg */ = {isa = PBXFileReference; fileEncoding = 4; lastKnownFileType = text.xml; path = "cd-icon-arrow-mobile.svg"; sourceTree = "<group>"; };
		193782D81B5D0535007075F9 /* cd-icon-close-desktop.svg */ = {isa = PBXFileReference; fileEncoding = 4; lastKnownFileType = text.xml; path = "cd-icon-close-desktop.svg"; sourceTree = "<group>"; };
		193782D91B5D0535007075F9 /* cd-icon-close-mobile.svg */ = {isa = PBXFileReference; fileEncoding = 4; lastKnownFileType = text.xml; path = "cd-icon-close-mobile.svg"; sourceTree = "<group>"; };
		193782DA1B5D0535007075F9 /* img-1-large.jpg */ = {isa = PBXFileReference; lastKnownFileType = image.jpeg; path = "img-1-large.jpg"; sourceTree = "<group>"; };
		193782DB1B5D0535007075F9 /* img-1-small.jpg */ = {isa = PBXFileReference; lastKnownFileType = image.jpeg; path = "img-1-small.jpg"; sourceTree = "<group>"; };
		193782DC1B5D0535007075F9 /* img-2-large.jpg */ = {isa = PBXFileReference; lastKnownFileType = image.jpeg; path = "img-2-large.jpg"; sourceTree = "<group>"; };
		193782DD1B5D0535007075F9 /* img-2-small.jpg */ = {isa = PBXFileReference; lastKnownFileType = image.jpeg; path = "img-2-small.jpg"; sourceTree = "<group>"; };
		193782DE1B5D0535007075F9 /* img-3-large.jpg */ = {isa = PBXFileReference; lastKnownFileType = image.jpeg; path = "img-3-large.jpg"; sourceTree = "<group>"; };
		193782DF1B5D0535007075F9 /* img-3-small.jpg */ = {isa = PBXFileReference; lastKnownFileType = image.jpeg; path = "img-3-small.jpg"; sourceTree = "<group>"; };
		193782E01B5D0535007075F9 /* img-4-large.jpg */ = {isa = PBXFileReference; lastKnownFileType = image.jpeg; path = "img-4-large.jpg"; sourceTree = "<group>"; };
		193782E11B5D0535007075F9 /* img-4-small.jpg */ = {isa = PBXFileReference; lastKnownFileType = image.jpeg; path = "img-4-small.jpg"; sourceTree = "<group>"; };
		193782E31B5D0535007075F9 /* appicon.jpg */ = {isa = PBXFileReference; lastKnownFileType = image.jpeg; path = appicon.jpg; sourceTree = "<group>"; };
		193782E41B5D0535007075F9 /* index.html */ = {isa = PBXFileReference; fileEncoding = 4; lastKnownFileType = text.html; name = index.html; path = ../index.html; sourceTree = "<group>"; };
		193782E61B5D0535007075F9 /* jquery-2.1.1.js */ = {isa = PBXFileReference; fileEncoding = 4; lastKnownFileType = sourcecode.javascript; path = "jquery-2.1.1.js"; sourceTree = "<group>"; };
		193782E71B5D0535007075F9 /* main.js */ = {isa = PBXFileReference; fileEncoding = 4; lastKnownFileType = sourcecode.javascript; path = main.js; sourceTree = "<group>"; };
		193782E81B5D0535007075F9 /* modernizr.js */ = {isa = PBXFileReference; fileEncoding = 4; lastKnownFileType = sourcecode.javascript; path = modernizr.js; sourceTree = "<group>"; };
		193782EA1B5D0535007075F9 /* _layout.scss */ = {isa = PBXFileReference; fileEncoding = 4; lastKnownFileType = text; path = _layout.scss; sourceTree = "<group>"; };
		193782EB1B5D0535007075F9 /* _mixins.scss */ = {isa = PBXFileReference; fileEncoding = 4; lastKnownFileType = text; path = _mixins.scss; sourceTree = "<group>"; };
		193782EC1B5D0535007075F9 /* _variables.scss */ = {isa = PBXFileReference; fileEncoding = 4; lastKnownFileType = text; path = _variables.scss; sourceTree = "<group>"; };
		193782ED1B5D0535007075F9 /* readme.pdf */ = {isa = PBXFileReference; lastKnownFileType = image.pdf; name = readme.pdf; path = ../readme.pdf; sourceTree = "<group>"; };
		193782EF1B5D0535007075F9 /* style.scss */ = {isa = PBXFileReference; fileEncoding = 4; lastKnownFileType = text; path = style.scss; sourceTree = "<group>"; };
		3A4A8B0F1E9638C8004C8A0D /* houseboyvideo.html */ = {isa = PBXFileReference; lastKnownFileType = text.html; name = houseboyvideo.html; path = ../houseboyvideo.html; sourceTree = "<group>"; };
/* End PBXFileReference section */

/* Begin PBXFrameworksBuildPhase section */
		3ABE1F33190CB14D00EB6C0D /* Frameworks */ = {
			isa = PBXFrameworksBuildPhase;
			buildActionMask = 2147483647;
			files = (
			);
			runOnlyForDeploymentPostprocessing = 0;
		};
		3ABE1F4E190CB14D00EB6C0D /* Frameworks */ = {
			isa = PBXFrameworksBuildPhase;
			buildActionMask = 2147483647;
			files = (
			);
			runOnlyForDeploymentPostprocessing = 0;
		};
/* End PBXFrameworksBuildPhase section */

/* Begin PBXGroup section */
		193782D21B5D0535007075F9 /* css */ = {
			isa = PBXGroup;
			children = (
				193782D31B5D0535007075F9 /* reset.css */,
				193782D41B5D0535007075F9 /* style.css */,
			);
			name = css;
			path = ../css;
			sourceTree = "<group>";
		};
		193782D51B5D0535007075F9 /* img */ = {
			isa = PBXGroup;
			children = (
				193782D61B5D0535007075F9 /* cd-icon-arrow-desktop.svg */,
				193782D71B5D0535007075F9 /* cd-icon-arrow-mobile.svg */,
				193782D81B5D0535007075F9 /* cd-icon-close-desktop.svg */,
				193782D91B5D0535007075F9 /* cd-icon-close-mobile.svg */,
				193782DA1B5D0535007075F9 /* img-1-large.jpg */,
				193782DB1B5D0535007075F9 /* img-1-small.jpg */,
				193782DC1B5D0535007075F9 /* img-2-large.jpg */,
				193782DD1B5D0535007075F9 /* img-2-small.jpg */,
				193782DE1B5D0535007075F9 /* img-3-large.jpg */,
				193782DF1B5D0535007075F9 /* img-3-small.jpg */,
				193782E01B5D0535007075F9 /* img-4-large.jpg */,
				193782E11B5D0535007075F9 /* img-4-small.jpg */,
				193782E21B5D0535007075F9 /* zdy */,
			);
			name = img;
			path = ../img;
			sourceTree = "<group>";
		};
		193782E21B5D0535007075F9 /* zdy */ = {
			isa = PBXGroup;
			children = (
				193782E31B5D0535007075F9 /* appicon.jpg */,
			);
			path = zdy;
			sourceTree = "<group>";
		};
		193782E51B5D0535007075F9 /* js */ = {
			isa = PBXGroup;
			children = (
				193782E61B5D0535007075F9 /* jquery-2.1.1.js */,
				193782E71B5D0535007075F9 /* main.js */,
				193782E81B5D0535007075F9 /* modernizr.js */,
			);
			name = js;
			path = ../js;
			sourceTree = "<group>";
		};
		193782E91B5D0535007075F9 /* partials */ = {
			isa = PBXGroup;
			children = (
				193782EA1B5D0535007075F9 /* _layout.scss */,
				193782EB1B5D0535007075F9 /* _mixins.scss */,
				193782EC1B5D0535007075F9 /* _variables.scss */,
			);
			name = partials;
			path = ../partials;
			sourceTree = "<group>";
		};
		193782EE1B5D0535007075F9 /* scss */ = {
			isa = PBXGroup;
			children = (
				193782EF1B5D0535007075F9 /* style.scss */,
			);
			name = scss;
			path = ../scss;
			sourceTree = "<group>";
		};
		3ABE1F2D190CB14D00EB6C0D = {
			isa = PBXGroup;
			children = (
				193782D11B5D0535007075F9 /* CNAME */,
				193782D21B5D0535007075F9 /* css */,
				193782D51B5D0535007075F9 /* img */,
				193782E41B5D0535007075F9 /* index.html */,
				3A4A8B0F1E9638C8004C8A0D /* houseboyvideo.html */,
				193782E51B5D0535007075F9 /* js */,
				193782E91B5D0535007075F9 /* partials */,
				193782ED1B5D0535007075F9 /* readme.pdf */,
				193782EE1B5D0535007075F9 /* scss */,
				193782CF1B5CEB5E007075F9 /* MainWebSite.app */,
				193782D01B5CEB5E007075F9 /* MainWebSiteTests.xctest */,
			);
			sourceTree = "<group>";
		};
/* End PBXGroup section */

/* Begin PBXNativeTarget section */
		3ABE1F35190CB14D00EB6C0D /* MainWebSite */ = {
			isa = PBXNativeTarget;
			buildConfigurationList = 3ABE1F62190CB14D00EB6C0D /* Build configuration list for PBXNativeTarget "MainWebSite" */;
			buildPhases = (
				3ABE1F32190CB14D00EB6C0D /* Sources */,
				3ABE1F33190CB14D00EB6C0D /* Frameworks */,
				3ABE1F34190CB14D00EB6C0D /* Resources */,
			);
			buildRules = (
			);
			dependencies = (
			);
			name = MainWebSite;
			productName = MainWebSite;
			productReference = 193782CF1B5CEB5E007075F9 /* MainWebSite.app */;
			productType = "com.apple.product-type.application";
		};
		3ABE1F50190CB14D00EB6C0D /* MainWebSiteTests */ = {
			isa = PBXNativeTarget;
			buildConfigurationList = 3ABE1F65190CB14D00EB6C0D /* Build configuration list for PBXNativeTarget "MainWebSiteTests" */;
			buildPhases = (
				3ABE1F4D190CB14D00EB6C0D /* Sources */,
				3ABE1F4E190CB14D00EB6C0D /* Frameworks */,
				3ABE1F4F190CB14D00EB6C0D /* Resources */,
			);
			buildRules = (
			);
			dependencies = (
				3ABE1F57190CB14D00EB6C0D /* PBXTargetDependency */,
			);
			name = MainWebSiteTests;
			productName = MainWebSiteTests;
			productReference = 193782D01B5CEB5E007075F9 /* MainWebSiteTests.xctest */;
			productType = "com.apple.product-type.bundle.unit-test";
		};
/* End PBXNativeTarget section */

/* Begin PBXProject section */
		3ABE1F2E190CB14D00EB6C0D /* Project object */ = {
			isa = PBXProject;
			attributes = {
				LastUpgradeCheck = 0510;
				ORGANIZATIONNAME = ZYApps;
				TargetAttributes = {
					3ABE1F50190CB14D00EB6C0D = {
						TestTargetID = 3ABE1F35190CB14D00EB6C0D;
					};
				};
			};
			buildConfigurationList = 3ABE1F31190CB14D00EB6C0D /* Build configuration list for PBXProject "MainWebSite" */;
			compatibilityVersion = "Xcode 3.2";
			developmentRegion = English;
			hasScannedForEncodings = 0;
			knownRegions = (
				en,
			);
			mainGroup = 3ABE1F2D190CB14D00EB6C0D;
			productRefGroup = 3ABE1F2D190CB14D00EB6C0D;
			projectDirPath = "";
			projectRoot = "";
			targets = (
				3ABE1F35190CB14D00EB6C0D /* MainWebSite */,
				3ABE1F50190CB14D00EB6C0D /* MainWebSiteTests */,
			);
		};
/* End PBXProject section */

/* Begin PBXResourcesBuildPhase section */
		3ABE1F34190CB14D00EB6C0D /* Resources */ = {
			isa = PBXResourcesBuildPhase;
			buildActionMask = 2147483647;
			files = (
				193783021B5D0535007075F9 /* main.js in Resources */,
				193782FE1B5D0535007075F9 /* img-4-small.jpg in Resources */,
				193782FD1B5D0535007075F9 /* img-4-large.jpg in Resources */,
				193783081B5D0535007075F9 /* style.scss in Resources */,
				193783061B5D0535007075F9 /* _variables.scss in Resources */,
				193782F91B5D0535007075F9 /* img-2-large.jpg in Resources */,
				193783011B5D0535007075F9 /* jquery-2.1.1.js in Resources */,
				193783031B5D0535007075F9 /* modernizr.js in Resources */,
				193782F01B5D0535007075F9 /* CNAME in Resources */,
				193782FF1B5D0535007075F9 /* appicon.jpg in Resources */,
				193782F71B5D0535007075F9 /* img-1-large.jpg in Resources */,
				193782F21B5D0535007075F9 /* style.css in Resources */,
				193782F51B5D0535007075F9 /* cd-icon-close-desktop.svg in Resources */,
				193782FC1B5D0535007075F9 /* img-3-small.jpg in Resources */,
				193782F11B5D0535007075F9 /* reset.css in Resources */,
				193782F41B5D0535007075F9 /* cd-icon-arrow-mobile.svg in Resources */,
				193783041B5D0535007075F9 /* _layout.scss in Resources */,
				193783071B5D0535007075F9 /* readme.pdf in Resources */,
				193782FB1B5D0535007075F9 /* img-3-large.jpg in Resources */,
				193782F31B5D0535007075F9 /* cd-icon-arrow-desktop.svg in Resources */,
				193782F81B5D0535007075F9 /* img-1-small.jpg in Resources */,
				193782F61B5D0535007075F9 /* cd-icon-close-mobile.svg in Resources */,
				193782FA1B5D0535007075F9 /* img-2-small.jpg in Resources */,
				193783001B5D0535007075F9 /* index.html in Resources */,
				193783051B5D0535007075F9 /* _mixins.scss in Resources */,
			);
			runOnlyForDeploymentPostprocessing = 0;
		};
		3ABE1F4F190CB14D00EB6C0D /* Resources */ = {
			isa = PBXResourcesBuildPhase;
			buildActionMask = 2147483647;
			files = (
			);
			runOnlyForDeploymentPostprocessing = 0;
		};
/* End PBXResourcesBuildPhase section */

/* Begin PBXSourcesBuildPhase section */
		3ABE1F32190CB14D00EB6C0D /* Sources */ = {
			isa = PBXSourcesBuildPhase;
			buildActionMask = 2147483647;
			files = (
			);
			runOnlyForDeploymentPostprocessing = 0;
		};
		3ABE1F4D190CB14D00EB6C0D /* Sources */ = {
			isa = PBXSourcesBuildPhase;
			buildActionMask = 2147483647;
			files = (
			);
			runOnlyForDeploymentPostprocessing = 0;
		};
/* End PBXSourcesBuildPhase section */

/* Begin PBXTargetDependency section */
		3ABE1F57190CB14D00EB6C0D /* PBXTargetDependency */ = {
			isa = PBXTargetDependency;
			target = 3ABE1F35190CB14D00EB6C0D /* MainWebSite */;
			targetProxy = 3ABE1F56190CB14D00EB6C0D /* PBXContainerItemProxy */;
		};
/* End PBXTargetDependency section */

/* Begin XCBuildConfiguration section */
		3ABE1F60190CB14D00EB6C0D /* Debug */ = {
			isa = XCBuildConfiguration;
			buildSettings = {
				ALWAYS_SEARCH_USER_PATHS = NO;
				CLANG_CXX_LANGUAGE_STANDARD = "gnu++0x";
				CLANG_CXX_LIBRARY = "libc++";
				CLANG_ENABLE_MODULES = YES;
				CLANG_ENABLE_OBJC_ARC = YES;
				CLANG_WARN_BOOL_CONVERSION = YES;
				CLANG_WARN_CONSTANT_CONVERSION = YES;
				CLANG_WARN_DIRECT_OBJC_ISA_USAGE = YES_ERROR;
				CLANG_WARN_EMPTY_BODY = YES;
				CLANG_WARN_ENUM_CONVERSION = YES;
				CLANG_WARN_INT_CONVERSION = YES;
				CLANG_WARN_OBJC_ROOT_CLASS = YES_ERROR;
				CLANG_WARN__DUPLICATE_METHOD_MATCH = YES;
				"CODE_SIGN_IDENTITY[sdk=iphoneos*]" = "iPhone Developer";
				COPY_PHASE_STRIP = NO;
				GCC_C_LANGUAGE_STANDARD = gnu99;
				GCC_DYNAMIC_NO_PIC = NO;
				GCC_OPTIMIZATION_LEVEL = 0;
				GCC_PREPROCESSOR_DEFINITIONS = (
					"DEBUG=1",
					"$(inherited)",
				);
				GCC_SYMBOLS_PRIVATE_EXTERN = NO;
				GCC_WARN_64_TO_32_BIT_CONVERSION = YES;
				GCC_WARN_ABOUT_RETURN_TYPE = YES_ERROR;
				GCC_WARN_UNDECLARED_SELECTOR = YES;
				GCC_WARN_UNINITIALIZED_AUTOS = YES_AGGRESSIVE;
				GCC_WARN_UNUSED_FUNCTION = YES;
				GCC_WARN_UNUSED_VARIABLE = YES;
				IPHONEOS_DEPLOYMENT_TARGET = 7.1;
				ONLY_ACTIVE_ARCH = YES;
				SDKROOT = iphoneos;
				TARGETED_DEVICE_FAMILY = 2;
			};
			name = Debug;
		};
		3ABE1F61190CB14D00EB6C0D /* Release */ = {
			isa = XCBuildConfiguration;
			buildSettings = {
				ALWAYS_SEARCH_USER_PATHS = NO;
				CLANG_CXX_LANGUAGE_STANDARD = "gnu++0x";
				CLANG_CXX_LIBRARY = "libc++";
				CLANG_ENABLE_MODULES = YES;
				CLANG_ENABLE_OBJC_ARC = YES;
				CLANG_WARN_BOOL_CONVERSION = YES;
				CLANG_WARN_CONSTANT_CONVERSION = YES;
				CLANG_WARN_DIRECT_OBJC_ISA_USAGE = YES_ERROR;
				CLANG_WARN_EMPTY_BODY = YES;
				CLANG_WARN_ENUM_CONVERSION = YES;
				CLANG_WARN_INT_CONVERSION = YES;
				CLANG_WARN_OBJC_ROOT_CLASS = YES_ERROR;
				CLANG_WARN__DUPLICATE_METHOD_MATCH = YES;
				"CODE_SIGN_IDENTITY[sdk=iphoneos*]" = "iPhone Developer";
				COPY_PHASE_STRIP = YES;
				ENABLE_NS_ASSERTIONS = NO;
				GCC_C_LANGUAGE_STANDARD = gnu99;
				GCC_WARN_64_TO_32_BIT_CONVERSION = YES;
				GCC_WARN_ABOUT_RETURN_TYPE = YES_ERROR;
				GCC_WARN_UNDECLARED_SELECTOR = YES;
				GCC_WARN_UNINITIALIZED_AUTOS = YES_AGGRESSIVE;
				GCC_WARN_UNUSED_FUNCTION = YES;
				GCC_WARN_UNUSED_VARIABLE = YES;
				IPHONEOS_DEPLOYMENT_TARGET = 7.1;
				SDKROOT = iphoneos;
				TARGETED_DEVICE_FAMILY = 2;
				VALIDATE_PRODUCT = YES;
			};
			name = Release;
		};
		3ABE1F63190CB14D00EB6C0D /* Debug */ = {
			isa = XCBuildConfiguration;
			buildSettings = {
				ASSETCATALOG_COMPILER_APPICON_NAME = AppIcon;
				ASSETCATALOG_COMPILER_LAUNCHIMAGE_NAME = LaunchImage;
				GCC_PRECOMPILE_PREFIX_HEADER = YES;
				GCC_PREFIX_HEADER = "MainWebSite/MainWebSite-Prefix.pch";
				INFOPLIST_FILE = "MainWebSite/MainWebSite-Info.plist";
				PRODUCT_NAME = "$(TARGET_NAME)";
				WRAPPER_EXTENSION = app;
			};
			name = Debug;
		};
		3ABE1F64190CB14D00EB6C0D /* Release */ = {
			isa = XCBuildConfiguration;
			buildSettings = {
				ASSETCATALOG_COMPILER_APPICON_NAME = AppIcon;
				ASSETCATALOG_COMPILER_LAUNCHIMAGE_NAME = LaunchImage;
				GCC_PRECOMPILE_PREFIX_HEADER = YES;
				GCC_PREFIX_HEADER = "MainWebSite/MainWebSite-Prefix.pch";
				INFOPLIST_FILE = "MainWebSite/MainWebSite-Info.plist";
				PRODUCT_NAME = "$(TARGET_NAME)";
				WRAPPER_EXTENSION = app;
			};
			name = Release;
		};
		3ABE1F66190CB14D00EB6C0D /* Debug */ = {
			isa = XCBuildConfiguration;
			buildSettings = {
				BUNDLE_LOADER = "$(BUILT_PRODUCTS_DIR)/MainWebSite.app/MainWebSite";
				FRAMEWORK_SEARCH_PATHS = (
					"$(SDKROOT)/Developer/Library/Frameworks",
					"$(inherited)",
					"$(DEVELOPER_FRAMEWORKS_DIR)",
				);
				GCC_PRECOMPILE_PREFIX_HEADER = YES;
				GCC_PREFIX_HEADER = "MainWebSite/MainWebSite-Prefix.pch";
				GCC_PREPROCESSOR_DEFINITIONS = (
					"DEBUG=1",
					"$(inherited)",
				);
				INFOPLIST_FILE = "MainWebSiteTests/MainWebSiteTests-Info.plist";
				PRODUCT_NAME = "$(TARGET_NAME)";
				TEST_HOST = "$(BUNDLE_LOADER)";
				WRAPPER_EXTENSION = xctest;
			};
			name = Debug;
		};
		3ABE1F67190CB14D00EB6C0D /* Release */ = {
			isa = XCBuildConfiguration;
			buildSettings = {
				BUNDLE_LOADER = "$(BUILT_PRODUCTS_DIR)/MainWebSite.app/MainWebSite";
				FRAMEWORK_SEARCH_PATHS = (
					"$(SDKROOT)/Developer/Library/Frameworks",
					"$(inherited)",
					"$(DEVELOPER_FRAMEWORKS_DIR)",
				);
				GCC_PRECOMPILE_PREFIX_HEADER = YES;
				GCC_PREFIX_HEADER = "MainWebSite/MainWebSite-Prefix.pch";
				INFOPLIST_FILE = "MainWebSiteTests/MainWebSiteTests-Info.plist";
				PRODUCT_NAME = "$(TARGET_NAME)";
				TEST_HOST = "$(BUNDLE_LOADER)";
				WRAPPER_EXTENSION = xctest;
			};
			name = Release;
		};
/* End XCBuildConfiguration section */

/* Begin XCConfigurationList section */
		3ABE1F31190CB14D00EB6C0D /* Build configuration list for PBXProject "MainWebSite" */ = {
			isa = XCConfigurationList;
			buildConfigurations = (
				3ABE1F60190CB14D00EB6C0D /* Debug */,
				3ABE1F61190CB14D00EB6C0D /* Release */,
			);
			defaultConfigurationIsVisible = 0;
			defaultConfigurationName = Release;
		};
		3ABE1F62190CB14D00EB6C0D /* Build configuration list for PBXNativeTarget "MainWebSite" */ = {
			isa = XCConfigurationList;
			buildConfigurations = (
				3ABE1F63190CB14D00EB6C0D /* Debug */,
				3ABE1F64190CB14D00EB6C0D /* Release */,
			);
			defaultConfigurationIsVisible = 0;
			defaultConfigurationName = Release;
		};
		3ABE1F65190CB14D00EB6C0D /* Build configuration list for PBXNativeTarget "MainWebSiteTests" */ = {
			isa = XCConfigurationList;
			buildConfigurations = (
				3ABE1F66190CB14D00EB6C0D /* Debug */,
				3ABE1F67190CB14D00EB6C0D /* Release */,
			);
			defaultConfigurationIsVisible = 0;
			defaultConfigurationName = Release;
		};
/* End XCConfigurationList section */
	};
	rootObject = 3ABE1F2E190CB14D00EB6C0D /* Project object */;
}
